
Microsoft Visual Studio Solution File, Format Version 12.00
# Visual Studio Version 17
VisualStudioVersion = 17.14.36310.24
MinimumVisualStudioVersion = 10.0.40219.1
Project("{2150E333-8FDC-42A3-9474-1A3956D46DE8}") = "src", "src", "{02EA681E-C7D8-13C7-8484-4AC65E1B71E8}"
EndProject
Project("{2150E333-8FDC-42A3-9474-1A3956D46DE8}") = "Building Blocks", "Building Blocks", "{E478EB0D-B55C-48AC-AEC4-86F6BB202E10}"
EndProject
Project("{2150E333-8FDC-42A3-9474-1A3956D46DE8}") = "Services", "Services", "{620AB5AF-6DDB-4288-B8AE-2551D7C61B64}"
EndProject
Project("{2150E333-8FDC-42A3-9474-1A3956D46DE8}") = "Users", "Users", "{74ACC8D2-B0C6-4EBF-B007-3A8958C62AD7}"
EndProject
Project("{2150E333-8FDC-42A3-9474-1A3956D46DE8}") = "Courses", "Courses", "{8D1F0966-3174-4A6A-B09E-2897CD716BDF}"
EndProject
Project("{2150E333-8FDC-42A3-9474-1A3956D46DE8}") = "Subscriptions", "Subscriptions", "{83E3C369-13B6-4470-953D-9C5E957A8CD9}"
EndProject
Project("{2150E333-8FDC-42A3-9474-1A3956D46DE8}") = "Learning", "Learning", "{B78C9821-4F56-4A9A-873E-39C8387D2940}"
EndProject
Project("{FAE04EC0-301F-11D3-BF4B-00C04F79EFBC}") = "Learnix.Commons.Domain", "src\Building Blocks\Learnix.Commons.Domain\Learnix.Commons.Domain.csproj", "{00032030-1D81-45AC-9A5C-241EC343891D}"
EndProject
Project("{FAE04EC0-301F-11D3-BF4B-00C04F79EFBC}") = "Learnix.Commons.Application", "src\Building Blocks\Learnix.Commons.Application\Learnix.Commons.Application.csproj", "{A022291C-F14E-4824-B704-C0126ACBB297}"
EndProject
Project("{FAE04EC0-301F-11D3-BF4B-00C04F79EFBC}") = "Learnix.Commons.Infrastructure", "src\Building Blocks\Learnix.Commons.Infrastructure\Learnix.Commons.Infrastructure.csproj", "{2FA4D22F-2DFB-4CAF-A571-B544E0492E60}"
EndProject
Project("{FAE04EC0-301F-11D3-BF4B-00C04F79EFBC}") = "Learnix.Commons.WebApi", "src\Building Blocks\Learnix.Commons.WebApi\Learnix.Commons.WebApi.csproj", "{2B727297-48D1-463E-AC57-3A8BA38E116B}"
EndProject
Project("{FAE04EC0-301F-11D3-BF4B-00C04F79EFBC}") = "Courses.WebApi", "src\Services\Courses\Courses.WebApi\Courses.WebApi.csproj", "{78357404-1D6D-4FEA-B9A0-8414756CEA7A}"
EndProject
Project("{FAE04EC0-301F-11D3-BF4B-00C04F79EFBC}") = "Courses.Domain", "src\Services\Courses\Courses.Domain\Courses.Domain.csproj", "{1B2B92CE-827F-4C1A-9607-74F17FAF118D}"
EndProject
Project("{FAE04EC0-301F-11D3-BF4B-00C04F79EFBC}") = "Courses.Application", "src\Services\Courses\Courses.Application\Courses.Application.csproj", "{BF7FB119-2FBD-410A-8354-9DA23C42FA89}"
EndProject
Project("{FAE04EC0-301F-11D3-BF4B-00C04F79EFBC}") = "Courses.Infrastructure", "src\Services\Courses\Courses.Infrastructure\Courses.Infrastructure.csproj", "{65744DB7-3A21-4E92-8BC2-645BCD2E5E5B}"
EndProject
Project("{FAE04EC0-301F-11D3-BF4B-00C04F79EFBC}") = "Learning.Domain", "src\Services\Learning\Learning.Domain\Learning.Domain.csproj", "{D3E8AA8B-DA2F-4662-8942-7974B47C4353}"
EndProject
Project("{FAE04EC0-301F-11D3-BF4B-00C04F79EFBC}") = "Learning.Infrastructure", "src\Services\Learning\Learning.Infrastructure\Learning.Infrastructure.csproj", "{FE96504A-7DA2-476E-BB6B-56AC36B27731}"
EndProject
Project("{FAE04EC0-301F-11D3-BF4B-00C04F79EFBC}") = "Learning.Application", "src\Services\Learning\Learning.Application\Learning.Application.csproj", "{9C02FC90-6460-4EE8-919B-BF184902DA35}"
EndProject
Project("{FAE04EC0-301F-11D3-BF4B-00C04F79EFBC}") = "Learning.WebApi", "src\Services\Learning\Learning.WebApi\Learning.WebApi.csproj", "{E52AABAB-315C-4839-8B7D-A857DA43717E}"
EndProject
Project("{FAE04EC0-301F-11D3-BF4B-00C04F79EFBC}") = "Subscriptions.WebApi", "src\Services\Subscriptions\Subscriptions.WebApi\Subscriptions.WebApi.csproj", "{F649F131-E21C-4CF9-87A1-6CF3BC1445EA}"
EndProject
Project("{FAE04EC0-301F-11D3-BF4B-00C04F79EFBC}") = "Subscriptions.Domain", "src\Services\Subscriptions\Subscriptions.Domain\Subscriptions.Domain.csproj", "{A5995902-BA32-4591-B3C1-AB35255C63B5}"
EndProject
Project("{FAE04EC0-301F-11D3-BF4B-00C04F79EFBC}") = "Subscriptions.Application", "src\Services\Subscriptions\Subscriptions.Application\Subscriptions.Application.csproj", "{F40242A0-9C09-41C9-B55B-83DC63C6BC30}"
EndProject
Project("{FAE04EC0-301F-11D3-BF4B-00C04F79EFBC}") = "Subscriptions.Infrastructure", "src\Services\Subscriptions\Subscriptions.Infrastructure\Subscriptions.Infrastructure.csproj", "{FA30CA3A-206C-4407-A0CB-B6B2A8D8AE98}"
EndProject
Project("{FAE04EC0-301F-11D3-BF4B-00C04F79EFBC}") = "Users.WebApi", "src\Services\Users\Users.WebApi\Users.WebApi.csproj", "{09F53930-6CB5-4973-829A-EC6B1532B21C}"
EndProject
Project("{FAE04EC0-301F-11D3-BF4B-00C04F79EFBC}") = "Users.Domain", "src\Services\Users\Users.Domain\Users.Domain.csproj", "{E2EE38D5-6F8E-4657-B302-E2904CDC08E9}"
EndProject
Project("{FAE04EC0-301F-11D3-BF4B-00C04F79EFBC}") = "Users.Application", "src\Services\Users\Users.Application\Users.Application.csproj", "{F21437E8-C3FF-4DD2-99E7-DD23719FBED3}"
EndProject
Project("{FAE04EC0-301F-11D3-BF4B-00C04F79EFBC}") = "Users.Infrastructure", "src\Services\Users\Users.Infrastructure\Users.Infrastructure.csproj", "{6B8EBB88-E729-42AA-A389-F81C41C7019B}"
EndProject
Project("{2150E333-8FDC-42A3-9474-1A3956D46DE8}") = "docker", "docker", "{F435F6E4-7B49-42CC-8993-E9BEEEAF29AB}"
	ProjectSection(SolutionItems) = preProject
		docker-compose.yml = docker-compose.yml
	EndProjectSection
EndProject
Project("{FAE04EC0-301F-11D3-BF4B-00C04F79EFBC}") = "Courses.UnitTests", "src\Services\Courses\Courses.UnitTests\Courses.UnitTests.csproj", "{CC623337-9F1E-4896-AA1A-76EF03148ED9}"
EndProject
Project("{2150E333-8FDC-42A3-9474-1A3956D46DE8}") = "Tests", "Tests", "{C265727A-D631-451B-9742-731A1D75BC23}"
EndProject
Project("{FAE04EC0-301F-11D3-BF4B-00C04F79EFBC}") = "Courses.ArchitectureTests", "src\Services\Courses\Courses.ArchitectureTests\Courses.ArchitectureTests.csproj", "{24FD885D-85EE-46C8-8419-2B805E9C17FB}"
EndProject
Project("{FAE04EC0-301F-11D3-BF4B-00C04F79EFBC}") = "Courses.IntegrationTests", "src\Services\Courses\Courses.IntegrationTests\Courses.IntegrationTests.csproj", "{039853C0-A401-4AF2-A181-90B454EB4840}"
EndProject
Project("{2150E333-8FDC-42A3-9474-1A3956D46DE8}") = "Tests", "Tests", "{2364AA2F-BE13-4D85-985E-E5B0EB6BECAD}"
EndProject
Project("{FAE04EC0-301F-11D3-BF4B-00C04F79EFBC}") = "Learning.UnitTests", "src\Services\Learning\Learning.UnitTests\Learning.UnitTests.csproj", "{F9B9221C-20E2-412B-BE6C-7BCAEFB37B40}"
EndProject
Project("{FAE04EC0-301F-11D3-BF4B-00C04F79EFBC}") = "Learning.ArchitectureTests", "src\Services\Learning\Learning.ArchitectureTests\Learning.ArchitectureTests.csproj", "{694F2217-258E-4500-A51B-0CB099243A09}"
EndProject
Project("{FAE04EC0-301F-11D3-BF4B-00C04F79EFBC}") = "Learning.IntegrationTests", "src\Services\Learning\Learning.IntegrationTests\Learning.IntegrationTests.csproj", "{FFE6D57F-EC41-4AF3-8D1F-490BD075D371}"
EndProject
Project("{2150E333-8FDC-42A3-9474-1A3956D46DE8}") = "Tests", "Tests", "{6746F4EF-B2BC-4275-B1A7-1AA15E9388B3}"
EndProject
Project("{FAE04EC0-301F-11D3-BF4B-00C04F79EFBC}") = "Subscriptions.UnitTests", "src\Services\Subscriptions\Subscriptions.UnitTests\Subscriptions.UnitTests.csproj", "{E333E789-83AC-4CB3-9C5A-0EAA4D26F703}"
EndProject
Project("{FAE04EC0-301F-11D3-BF4B-00C04F79EFBC}") = "Subscriptions.IntegrationTests", "src\Services\Subscriptions\Subscriptions.IntegrationTests\Subscriptions.IntegrationTests.csproj", "{5EC89AF5-CFDD-4B54-AE08-14E7820CF277}"
EndProject
Project("{FAE04EC0-301F-11D3-BF4B-00C04F79EFBC}") = "Subscriptions.ArchitectureTests", "src\Services\Subscriptions\Subscriptions.ArchitectureTests\Subscriptions.ArchitectureTests.csproj", "{D6F98CFB-96AE-428A-91A8-4485B5A5F6BA}"
EndProject
Project("{2150E333-8FDC-42A3-9474-1A3956D46DE8}") = "Tests", "Tests", "{8356A354-1C0C-4E6A-8BA9-A5C4203D9DAA}"
EndProject
Project("{FAE04EC0-301F-11D3-BF4B-00C04F79EFBC}") = "Users.UnitTests", "src\Services\Users\Users.UnitTests\Users.UnitTests.csproj", "{354A69E8-6284-4553-B8F1-101F2B1EB7AE}"
EndProject
Project("{FAE04EC0-301F-11D3-BF4B-00C04F79EFBC}") = "Users.IntegrationTests", "src\Services\Users\Users.IntegrationTests\Users.IntegrationTests.csproj", "{677BF869-8457-4697-9B37-2152A6C2FEFC}"
EndProject
Project("{FAE04EC0-301F-11D3-BF4B-00C04F79EFBC}") = "Users.ArchitectureTests", "src\Services\Users\Users.ArchitectureTests\Users.ArchitectureTests.csproj", "{7EA8D5D5-EEDB-4E04-8A06-64BFD24AE54E}"
EndProject
Project("{FAE04EC0-301F-11D3-BF4B-00C04F79EFBC}") = "Learnix.Commons.Contracts", "src\Building Blocks\Learnix.Commons.Contracts\Learnix.Commons.Contracts.csproj", "{7798D23B-DDFA-49FF-A578-34490E243E06}"
EndProject
Global
	GlobalSection(SolutionConfigurationPlatforms) = preSolution
		Debug|Any CPU = Debug|Any CPU
		Release|Any CPU = Release|Any CPU
	EndGlobalSection
	GlobalSection(ProjectConfigurationPlatforms) = postSolution
		{00032030-1D81-45AC-9A5C-241EC343891D}.Debug|Any CPU.ActiveCfg = Debug|Any CPU
		{00032030-1D81-45AC-9A5C-241EC343891D}.Debug|Any CPU.Build.0 = Debug|Any CPU
		{00032030-1D81-45AC-9A5C-241EC343891D}.Release|Any CPU.ActiveCfg = Release|Any CPU
		{00032030-1D81-45AC-9A5C-241EC343891D}.Release|Any CPU.Build.0 = Release|Any CPU
		{A022291C-F14E-4824-B704-C0126ACBB297}.Debug|Any CPU.ActiveCfg = Debug|Any CPU
		{A022291C-F14E-4824-B704-C0126ACBB297}.Debug|Any CPU.Build.0 = Debug|Any CPU
		{A022291C-F14E-4824-B704-C0126ACBB297}.Release|Any CPU.ActiveCfg = Release|Any CPU
		{A022291C-F14E-4824-B704-C0126ACBB297}.Release|Any CPU.Build.0 = Release|Any CPU
		{2FA4D22F-2DFB-4CAF-A571-B544E0492E60}.Debug|Any CPU.ActiveCfg = Debug|Any CPU
		{2FA4D22F-2DFB-4CAF-A571-B544E0492E60}.Debug|Any CPU.Build.0 = Debug|Any CPU
		{2FA4D22F-2DFB-4CAF-A571-B544E0492E60}.Release|Any CPU.ActiveCfg = Release|Any CPU
		{2FA4D22F-2DFB-4CAF-A571-B544E0492E60}.Release|Any CPU.Build.0 = Release|Any CPU
		{2B727297-48D1-463E-AC57-3A8BA38E116B}.Debug|Any CPU.ActiveCfg = Debug|Any CPU
		{2B727297-48D1-463E-AC57-3A8BA38E116B}.Debug|Any CPU.Build.0 = Debug|Any CPU
		{2B727297-48D1-463E-AC57-3A8BA38E116B}.Release|Any CPU.ActiveCfg = Release|Any CPU
		{2B727297-48D1-463E-AC57-3A8BA38E116B}.Release|Any CPU.Build.0 = Release|Any CPU
		{78357404-1D6D-4FEA-B9A0-8414756CEA7A}.Debug|Any CPU.ActiveCfg = Debug|Any CPU
		{78357404-1D6D-4FEA-B9A0-8414756CEA7A}.Debug|Any CPU.Build.0 = Debug|Any CPU
		{78357404-1D6D-4FEA-B9A0-8414756CEA7A}.Release|Any CPU.ActiveCfg = Release|Any CPU
		{78357404-1D6D-4FEA-B9A0-8414756CEA7A}.Release|Any CPU.Build.0 = Release|Any CPU
		{1B2B92CE-827F-4C1A-9607-74F17FAF118D}.Debug|Any CPU.ActiveCfg = Debug|Any CPU
		{1B2B92CE-827F-4C1A-9607-74F17FAF118D}.Debug|Any CPU.Build.0 = Debug|Any CPU
		{1B2B92CE-827F-4C1A-9607-74F17FAF118D}.Release|Any CPU.ActiveCfg = Release|Any CPU
		{1B2B92CE-827F-4C1A-9607-74F17FAF118D}.Release|Any CPU.Build.0 = Release|Any CPU
		{BF7FB119-2FBD-410A-8354-9DA23C42FA89}.Debug|Any CPU.ActiveCfg = Debug|Any CPU
		{BF7FB119-2FBD-410A-8354-9DA23C42FA89}.Debug|Any CPU.Build.0 = Debug|Any CPU
		{BF7FB119-2FBD-410A-8354-9DA23C42FA89}.Release|Any CPU.ActiveCfg = Release|Any CPU
		{BF7FB119-2FBD-410A-8354-9DA23C42FA89}.Release|Any CPU.Build.0 = Release|Any CPU
		{65744DB7-3A21-4E92-8BC2-645BCD2E5E5B}.Debug|Any CPU.ActiveCfg = Debug|Any CPU
		{65744DB7-3A21-4E92-8BC2-645BCD2E5E5B}.Debug|Any CPU.Build.0 = Debug|Any CPU
		{65744DB7-3A21-4E92-8BC2-645BCD2E5E5B}.Release|Any CPU.ActiveCfg = Release|Any CPU
		{65744DB7-3A21-4E92-8BC2-645BCD2E5E5B}.Release|Any CPU.Build.0 = Release|Any CPU
		{D3E8AA8B-DA2F-4662-8942-7974B47C4353}.Debug|Any CPU.ActiveCfg = Debug|Any CPU
		{D3E8AA8B-DA2F-4662-8942-7974B47C4353}.Debug|Any CPU.Build.0 = Debug|Any CPU
		{D3E8AA8B-DA2F-4662-8942-7974B47C4353}.Release|Any CPU.ActiveCfg = Release|Any CPU
		{D3E8AA8B-DA2F-4662-8942-7974B47C4353}.Release|Any CPU.Build.0 = Release|Any CPU
		{FE96504A-7DA2-476E-BB6B-56AC36B27731}.Debug|Any CPU.ActiveCfg = Debug|Any CPU
		{FE96504A-7DA2-476E-BB6B-56AC36B27731}.Debug|Any CPU.Build.0 = Debug|Any CPU
		{FE96504A-7DA2-476E-BB6B-56AC36B27731}.Release|Any CPU.ActiveCfg = Release|Any CPU
		{FE96504A-7DA2-476E-BB6B-56AC36B27731}.Release|Any CPU.Build.0 = Release|Any CPU
		{9C02FC90-6460-4EE8-919B-BF184902DA35}.Debug|Any CPU.ActiveCfg = Debug|Any CPU
		{9C02FC90-6460-4EE8-919B-BF184902DA35}.Debug|Any CPU.Build.0 = Debug|Any CPU
		{9C02FC90-6460-4EE8-919B-BF184902DA35}.Release|Any CPU.ActiveCfg = Release|Any CPU
		{9C02FC90-6460-4EE8-919B-BF184902DA35}.Release|Any CPU.Build.0 = Release|Any CPU
		{E52AABAB-315C-4839-8B7D-A857DA43717E}.Debug|Any CPU.ActiveCfg = Debug|Any CPU
		{E52AABAB-315C-4839-8B7D-A857DA43717E}.Debug|Any CPU.Build.0 = Debug|Any CPU
		{E52AABAB-315C-4839-8B7D-A857DA43717E}.Release|Any CPU.ActiveCfg = Release|Any CPU
		{E52AABAB-315C-4839-8B7D-A857DA43717E}.Release|Any CPU.Build.0 = Release|Any CPU
		{F649F131-E21C-4CF9-87A1-6CF3BC1445EA}.Debug|Any CPU.ActiveCfg = Debug|Any CPU
		{F649F131-E21C-4CF9-87A1-6CF3BC1445EA}.Debug|Any CPU.Build.0 = Debug|Any CPU
		{F649F131-E21C-4CF9-87A1-6CF3BC1445EA}.Release|Any CPU.ActiveCfg = Release|Any CPU
		{F649F131-E21C-4CF9-87A1-6CF3BC1445EA}.Release|Any CPU.Build.0 = Release|Any CPU
		{A5995902-BA32-4591-B3C1-AB35255C63B5}.Debug|Any CPU.ActiveCfg = Debug|Any CPU
		{A5995902-BA32-4591-B3C1-AB35255C63B5}.Debug|Any CPU.Build.0 = Debug|Any CPU
		{A5995902-BA32-4591-B3C1-AB35255C63B5}.Release|Any CPU.ActiveCfg = Release|Any CPU
		{A5995902-BA32-4591-B3C1-AB35255C63B5}.Release|Any CPU.Build.0 = Release|Any CPU
		{F40242A0-9C09-41C9-B55B-83DC63C6BC30}.Debug|Any CPU.ActiveCfg = Debug|Any CPU
		{F40242A0-9C09-41C9-B55B-83DC63C6BC30}.Debug|Any CPU.Build.0 = Debug|Any CPU
		{F40242A0-9C09-41C9-B55B-83DC63C6BC30}.Release|Any CPU.ActiveCfg = Release|Any CPU
		{F40242A0-9C09-41C9-B55B-83DC63C6BC30}.Release|Any CPU.Build.0 = Release|Any CPU
		{FA30CA3A-206C-4407-A0CB-B6B2A8D8AE98}.Debug|Any CPU.ActiveCfg = Debug|Any CPU
		{FA30CA3A-206C-4407-A0CB-B6B2A8D8AE98}.Debug|Any CPU.Build.0 = Debug|Any CPU
		{FA30CA3A-206C-4407-A0CB-B6B2A8D8AE98}.Release|Any CPU.ActiveCfg = Release|Any CPU
		{FA30CA3A-206C-4407-A0CB-B6B2A8D8AE98}.Release|Any CPU.Build.0 = Release|Any CPU
		{09F53930-6CB5-4973-829A-EC6B1532B21C}.Debug|Any CPU.ActiveCfg = Debug|Any CPU
		{09F53930-6CB5-4973-829A-EC6B1532B21C}.Debug|Any CPU.Build.0 = Debug|Any CPU
		{09F53930-6CB5-4973-829A-EC6B1532B21C}.Release|Any CPU.ActiveCfg = Release|Any CPU
		{09F53930-6CB5-4973-829A-EC6B1532B21C}.Release|Any CPU.Build.0 = Release|Any CPU
		{E2EE38D5-6F8E-4657-B302-E2904CDC08E9}.Debug|Any CPU.ActiveCfg = Debug|Any CPU
		{E2EE38D5-6F8E-4657-B302-E2904CDC08E9}.Debug|Any CPU.Build.0 = Debug|Any CPU
		{E2EE38D5-6F8E-4657-B302-E2904CDC08E9}.Release|Any CPU.ActiveCfg = Release|Any CPU
		{E2EE38D5-6F8E-4657-B302-E2904CDC08E9}.Release|Any CPU.Build.0 = Release|Any CPU
		{F21437E8-C3FF-4DD2-99E7-DD23719FBED3}.Debug|Any CPU.ActiveCfg = Debug|Any CPU
		{F21437E8-C3FF-4DD2-99E7-DD23719FBED3}.Debug|Any CPU.Build.0 = Debug|Any CPU
		{F21437E8-C3FF-4DD2-99E7-DD23719FBED3}.Release|Any CPU.ActiveCfg = Release|Any CPU
		{F21437E8-C3FF-4DD2-99E7-DD23719FBED3}.Release|Any CPU.Build.0 = Release|Any CPU
		{6B8EBB88-E729-42AA-A389-F81C41C7019B}.Debug|Any CPU.ActiveCfg = Debug|Any CPU
		{6B8EBB88-E729-42AA-A389-F81C41C7019B}.Debug|Any CPU.Build.0 = Debug|Any CPU
		{6B8EBB88-E729-42AA-A389-F81C41C7019B}.Release|Any CPU.ActiveCfg = Release|Any CPU
		{6B8EBB88-E729-42AA-A389-F81C41C7019B}.Release|Any CPU.Build.0 = Release|Any CPU
		{CC623337-9F1E-4896-AA1A-76EF03148ED9}.Debug|Any CPU.ActiveCfg = Debug|Any CPU
		{CC623337-9F1E-4896-AA1A-76EF03148ED9}.Debug|Any CPU.Build.0 = Debug|Any CPU
		{CC623337-9F1E-4896-AA1A-76EF03148ED9}.Release|Any CPU.ActiveCfg = Release|Any CPU
		{CC623337-9F1E-4896-AA1A-76EF03148ED9}.Release|Any CPU.Build.0 = Release|Any CPU
		{24FD885D-85EE-46C8-8419-2B805E9C17FB}.Debug|Any CPU.ActiveCfg = Debug|Any CPU
		{24FD885D-85EE-46C8-8419-2B805E9C17FB}.Debug|Any CPU.Build.0 = Debug|Any CPU
		{24FD885D-85EE-46C8-8419-2B805E9C17FB}.Release|Any CPU.ActiveCfg = Release|Any CPU
		{24FD885D-85EE-46C8-8419-2B805E9C17FB}.Release|Any CPU.Build.0 = Release|Any CPU
		{039853C0-A401-4AF2-A181-90B454EB4840}.Debug|Any CPU.ActiveCfg = Debug|Any CPU
		{039853C0-A401-4AF2-A181-90B454EB4840}.Debug|Any CPU.Build.0 = Debug|Any CPU
		{039853C0-A401-4AF2-A181-90B454EB4840}.Release|Any CPU.ActiveCfg = Release|Any CPU
		{039853C0-A401-4AF2-A181-90B454EB4840}.Release|Any CPU.Build.0 = Release|Any CPU
		{F9B9221C-20E2-412B-BE6C-7BCAEFB37B40}.Debug|Any CPU.ActiveCfg = Debug|Any CPU
		{F9B9221C-20E2-412B-BE6C-7BCAEFB37B40}.Debug|Any CPU.Build.0 = Debug|Any CPU
		{F9B9221C-20E2-412B-BE6C-7BCAEFB37B40}.Release|Any CPU.ActiveCfg = Release|Any CPU
		{F9B9221C-20E2-412B-BE6C-7BCAEFB37B40}.Release|Any CPU.Build.0 = Release|Any CPU
		{694F2217-258E-4500-A51B-0CB099243A09}.Debug|Any CPU.ActiveCfg = Debug|Any CPU
		{694F2217-258E-4500-A51B-0CB099243A09}.Debug|Any CPU.Build.0 = Debug|Any CPU
		{694F2217-258E-4500-A51B-0CB099243A09}.Release|Any CPU.ActiveCfg = Release|Any CPU
		{694F2217-258E-4500-A51B-0CB099243A09}.Release|Any CPU.Build.0 = Release|Any CPU
		{FFE6D57F-EC41-4AF3-8D1F-490BD075D371}.Debug|Any CPU.ActiveCfg = Debug|Any CPU
		{FFE6D57F-EC41-4AF3-8D1F-490BD075D371}.Debug|Any CPU.Build.0 = Debug|Any CPU
		{FFE6D57F-EC41-4AF3-8D1F-490BD075D371}.Release|Any CPU.ActiveCfg = Release|Any CPU
		{FFE6D57F-EC41-4AF3-8D1F-490BD075D371}.Release|Any CPU.Build.0 = Release|Any CPU
		{E333E789-83AC-4CB3-9C5A-0EAA4D26F703}.Debug|Any CPU.ActiveCfg = Debug|Any CPU
		{E333E789-83AC-4CB3-9C5A-0EAA4D26F703}.Debug|Any CPU.Build.0 = Debug|Any CPU
		{E333E789-83AC-4CB3-9C5A-0EAA4D26F703}.Release|Any CPU.ActiveCfg = Release|Any CPU
		{E333E789-83AC-4CB3-9C5A-0EAA4D26F703}.Release|Any CPU.Build.0 = Release|Any CPU
		{5EC89AF5-CFDD-4B54-AE08-14E7820CF277}.Debug|Any CPU.ActiveCfg = Debug|Any CPU
		{5EC89AF5-CFDD-4B54-AE08-14E7820CF277}.Debug|Any CPU.Build.0 = Debug|Any CPU
		{5EC89AF5-CFDD-4B54-AE08-14E7820CF277}.Release|Any CPU.ActiveCfg = Release|Any CPU
		{5EC89AF5-CFDD-4B54-AE08-14E7820CF277}.Release|Any CPU.Build.0 = Release|Any CPU
		{D6F98CFB-96AE-428A-91A8-4485B5A5F6BA}.Debug|Any CPU.ActiveCfg = Debug|Any CPU
		{D6F98CFB-96AE-428A-91A8-4485B5A5F6BA}.Debug|Any CPU.Build.0 = Debug|Any CPU
		{D6F98CFB-96AE-428A-91A8-4485B5A5F6BA}.Release|Any CPU.ActiveCfg = Release|Any CPU
		{D6F98CFB-96AE-428A-91A8-4485B5A5F6BA}.Release|Any CPU.Build.0 = Release|Any CPU
		{354A69E8-6284-4553-B8F1-101F2B1EB7AE}.Debug|Any CPU.ActiveCfg = Debug|Any CPU
		{354A69E8-6284-4553-B8F1-101F2B1EB7AE}.Debug|Any CPU.Build.0 = Debug|Any CPU
		{354A69E8-6284-4553-B8F1-101F2B1EB7AE}.Release|Any CPU.ActiveCfg = Release|Any CPU
		{354A69E8-6284-4553-B8F1-101F2B1EB7AE}.Release|Any CPU.Build.0 = Release|Any CPU
		{677BF869-8457-4697-9B37-2152A6C2FEFC}.Debug|Any CPU.ActiveCfg = Debug|Any CPU
		{677BF869-8457-4697-9B37-2152A6C2FEFC}.Debug|Any CPU.Build.0 = Debug|Any CPU
		{677BF869-8457-4697-9B37-2152A6C2FEFC}.Release|Any CPU.ActiveCfg = Release|Any CPU
		{677BF869-8457-4697-9B37-2152A6C2FEFC}.Release|Any CPU.Build.0 = Release|Any CPU
		{7EA8D5D5-EEDB-4E04-8A06-64BFD24AE54E}.Debug|Any CPU.ActiveCfg = Debug|Any CPU
		{7EA8D5D5-EEDB-4E04-8A06-64BFD24AE54E}.Debug|Any CPU.Build.0 = Debug|Any CPU
		{7EA8D5D5-EEDB-4E04-8A06-64BFD24AE54E}.Release|Any CPU.ActiveCfg = Release|Any CPU
		{7EA8D5D5-EEDB-4E04-8A06-64BFD24AE54E}.Release|Any CPU.Build.0 = Release|Any CPU
		{7798D23B-DDFA-49FF-A578-34490E243E06}.Debug|Any CPU.ActiveCfg = Debug|Any CPU
		{7798D23B-DDFA-49FF-A578-34490E243E06}.Debug|Any CPU.Build.0 = Debug|Any CPU
		{7798D23B-DDFA-49FF-A578-34490E243E06}.Release|Any CPU.ActiveCfg = Release|Any CPU
		{7798D23B-DDFA-49FF-A578-34490E243E06}.Release|Any CPU.Build.0 = Release|Any CPU
	EndGlobalSection
	GlobalSection(SolutionProperties) = preSolution
		HideSolutionNode = FALSE
	EndGlobalSection
	GlobalSection(NestedProjects) = preSolution
		{E478EB0D-B55C-48AC-AEC4-86F6BB202E10} = {02EA681E-C7D8-13C7-8484-4AC65E1B71E8}
		{620AB5AF-6DDB-4288-B8AE-2551D7C61B64} = {02EA681E-C7D8-13C7-8484-4AC65E1B71E8}
		{74ACC8D2-B0C6-4EBF-B007-3A8958C62AD7} = {620AB5AF-6DDB-4288-B8AE-2551D7C61B64}
		{8D1F0966-3174-4A6A-B09E-2897CD716BDF} = {620AB5AF-6DDB-4288-B8AE-2551D7C61B64}
		{83E3C369-13B6-4470-953D-9C5E957A8CD9} = {620AB5AF-6DDB-4288-B8AE-2551D7C61B64}
		{B78C9821-4F56-4A9A-873E-39C8387D2940} = {620AB5AF-6DDB-4288-B8AE-2551D7C61B64}
		{00032030-1D81-45AC-9A5C-241EC343891D} = {E478EB0D-B55C-48AC-AEC4-86F6BB202E10}
		{A022291C-F14E-4824-B704-C0126ACBB297} = {E478EB0D-B55C-48AC-AEC4-86F6BB202E10}
		{2FA4D22F-2DFB-4CAF-A571-B544E0492E60} = {E478EB0D-B55C-48AC-AEC4-86F6BB202E10}
		{2B727297-48D1-463E-AC57-3A8BA38E116B} = {E478EB0D-B55C-48AC-AEC4-86F6BB202E10}
		{78357404-1D6D-4FEA-B9A0-8414756CEA7A} = {8D1F0966-3174-4A6A-B09E-2897CD716BDF}
		{1B2B92CE-827F-4C1A-9607-74F17FAF118D} = {8D1F0966-3174-4A6A-B09E-2897CD716BDF}
		{BF7FB119-2FBD-410A-8354-9DA23C42FA89} = {8D1F0966-3174-4A6A-B09E-2897CD716BDF}
		{65744DB7-3A21-4E92-8BC2-645BCD2E5E5B} = {8D1F0966-3174-4A6A-B09E-2897CD716BDF}
		{D3E8AA8B-DA2F-4662-8942-7974B47C4353} = {B78C9821-4F56-4A9A-873E-39C8387D2940}
		{FE96504A-7DA2-476E-BB6B-56AC36B27731} = {B78C9821-4F56-4A9A-873E-39C8387D2940}
		{9C02FC90-6460-4EE8-919B-BF184902DA35} = {B78C9821-4F56-4A9A-873E-39C8387D2940}
		{E52AABAB-315C-4839-8B7D-A857DA43717E} = {B78C9821-4F56-4A9A-873E-39C8387D2940}
		{F649F131-E21C-4CF9-87A1-6CF3BC1445EA} = {83E3C369-13B6-4470-953D-9C5E957A8CD9}
		{A5995902-BA32-4591-B3C1-AB35255C63B5} = {83E3C369-13B6-4470-953D-9C5E957A8CD9}
		{F40242A0-9C09-41C9-B55B-83DC63C6BC30} = {83E3C369-13B6-4470-953D-9C5E957A8CD9}
		{FA30CA3A-206C-4407-A0CB-B6B2A8D8AE98} = {83E3C369-13B6-4470-953D-9C5E957A8CD9}
		{09F53930-6CB5-4973-829A-EC6B1532B21C} = {74ACC8D2-B0C6-4EBF-B007-3A8958C62AD7}
		{E2EE38D5-6F8E-4657-B302-E2904CDC08E9} = {74ACC8D2-B0C6-4EBF-B007-3A8958C62AD7}
		{F21437E8-C3FF-4DD2-99E7-DD23719FBED3} = {74ACC8D2-B0C6-4EBF-B007-3A8958C62AD7}
		{6B8EBB88-E729-42AA-A389-F81C41C7019B} = {74ACC8D2-B0C6-4EBF-B007-3A8958C62AD7}
		{CC623337-9F1E-4896-AA1A-76EF03148ED9} = {C265727A-D631-451B-9742-731A1D75BC23}
		{C265727A-D631-451B-9742-731A1D75BC23} = {8D1F0966-3174-4A6A-B09E-2897CD716BDF}
		{24FD885D-85EE-46C8-8419-2B805E9C17FB} = {C265727A-D631-451B-9742-731A1D75BC23}
		{039853C0-A401-4AF2-A181-90B454EB4840} = {C265727A-D631-451B-9742-731A1D75BC23}
		{2364AA2F-BE13-4D85-985E-E5B0EB6BECAD} = {B78C9821-4F56-4A9A-873E-39C8387D2940}
		{F9B9221C-20E2-412B-BE6C-7BCAEFB37B40} = {2364AA2F-BE13-4D85-985E-E5B0EB6BECAD}
		{694F2217-258E-4500-A51B-0CB099243A09} = {2364AA2F-BE13-4D85-985E-E5B0EB6BECAD}
		{FFE6D57F-EC41-4AF3-8D1F-490BD075D371} = {2364AA2F-BE13-4D85-985E-E5B0EB6BECAD}
		{6746F4EF-B2BC-4275-B1A7-1AA15E9388B3} = {83E3C369-13B6-4470-953D-9C5E957A8CD9}
		{E333E789-83AC-4CB3-9C5A-0EAA4D26F703} = {6746F4EF-B2BC-4275-B1A7-1AA15E9388B3}
		{5EC89AF5-CFDD-4B54-AE08-14E7820CF277} = {6746F4EF-B2BC-4275-B1A7-1AA15E9388B3}
		{D6F98CFB-96AE-428A-91A8-4485B5A5F6BA} = {6746F4EF-B2BC-4275-B1A7-1AA15E9388B3}
		{8356A354-1C0C-4E6A-8BA9-A5C4203D9DAA} = {74ACC8D2-B0C6-4EBF-B007-3A8958C62AD7}
		{354A69E8-6284-4553-B8F1-101F2B1EB7AE} = {8356A354-1C0C-4E6A-8BA9-A5C4203D9DAA}
		{677BF869-8457-4697-9B37-2152A6C2FEFC} = {8356A354-1C0C-4E6A-8BA9-A5C4203D9DAA}
		{7EA8D5D5-EEDB-4E04-8A06-64BFD24AE54E} = {8356A354-1C0C-4E6A-8BA9-A5C4203D9DAA}
		{7798D23B-DDFA-49FF-A578-34490E243E06} = {E478EB0D-B55C-48AC-AEC4-86F6BB202E10}
	EndGlobalSection
	GlobalSection(ExtensibilityGlobals) = postSolution
		SolutionGuid = {429145AC-534D-4CD1-9638-0274FE74F0E3}
	EndGlobalSection
EndGlobal
